
Microsoft Visual Studio Solution File, Format Version 12.00
# Visual Studio Version 17
VisualStudioVersion = 17.8.34525.116
MinimumVisualStudioVersion = 10.0.40219.1
Project("{2150E333-8FDC-42A3-9474-1A3956D46DE8}") = "Core", "Core", "{43D82E4C-C82E-40E1-9310-E9DC235A2248}"
EndProject
Project("{2150E333-8FDC-42A3-9474-1A3956D46DE8}") = "Infra", "Infra", "{1126EC18-B3E2-4CC2-8F9D-5F29597074C6}"
EndProject
Project("{2150E333-8FDC-42A3-9474-1A3956D46DE8}") = "Web", "Web", "{A70EFC83-6A98-462F-94BC-FB0D3717BE02}"
EndProject
Project("{FAE04EC0-301F-11D3-BF4B-00C04F79EFBC}") = "OldBarom.Core.DLC.Application", "OldBarom.Core.DLC.Application\OldBarom.Core.DLC.Application.csproj", "{49F3138B-2C0F-43F4-BBF1-5F6DDAC3B838}"
EndProject
Project("{2150E333-8FDC-42A3-9474-1A3956D46DE8}") = "DLC", "DLC", "{9F9CDB08-BADA-4501-B344-14D4990AA68E}"
EndProject
Project("{FAE04EC0-301F-11D3-BF4B-00C04F79EFBC}") = "OldBarom.Core.DLC.Domain", "OldBarom.Core.DLC.Domain\OldBarom.Core.DLC.Domain.csproj", "{2A7D4E28-DF90-4E6A-A789-10C67EE225CD}"
EndProject
Project("{FAE04EC0-301F-11D3-BF4B-00C04F79EFBC}") = "OldBarom.Core.DLC.Domain.Test", "OldBarom.Core.DLC.Domain.Test\OldBarom.Core.DLC.Domain.Test.csproj", "{9F527DC0-0D94-4173-BAB9-0889B97071A6}"
EndProject
Project("{FAE04EC0-301F-11D3-BF4B-00C04F79EFBC}") = "OldBarom.Infra.DLC.Data", "OldBarom.Infra.DLC.Data\OldBarom.Infra.DLC.Data.csproj", "{B7CE08AA-8ED7-4393-8705-10121CF67570}"
EndProject
Project("{FAE04EC0-301F-11D3-BF4B-00C04F79EFBC}") = "OldBarom.Infra.DLC.IoC", "OldBarom.Infra.DLC.IoC\OldBarom.Infra.DLC.IoC.csproj", "{9C058B7C-CD33-4689-8508-CECC9A8BEB9F}"
EndProject
Project("{FAE04EC0-301F-11D3-BF4B-00C04F79EFBC}") = "OldBarom.Web.DLC.API", "OldBarom.Web.DLC.API\OldBarom.Web.DLC.API.csproj", "{5444FA11-0D3C-462E-BBD2-CE3F07766DCD}"
EndProject
Project("{2150E333-8FDC-42A3-9474-1A3956D46DE8}") = "DLC", "DLC", "{05470741-6B4A-4FE1-89AB-A7B29EEC40A4}"
EndProject
Project("{2150E333-8FDC-42A3-9474-1A3956D46DE8}") = "DLC", "DLC", "{60F752C2-B34F-4679-9D27-8E06C1DFD0E9}"
EndProject
Project("{FAE04EC0-301F-11D3-BF4B-00C04F79EFBC}") = "OldBarom.Web.DLC.Main", "OldBarom.Web.DLC.Main\OldBarom.Web.DLC.Main.csproj", "{8692ABD0-BABE-476D-8A40-1F5A950624BB}"
EndProject
Global
	GlobalSection(SolutionConfigurationPlatforms) = preSolution
		Debug|Any CPU = Debug|Any CPU
		Release|Any CPU = Release|Any CPU
	EndGlobalSection
	GlobalSection(ProjectConfigurationPlatforms) = postSolution
		{49F3138B-2C0F-43F4-BBF1-5F6DDAC3B838}.Debug|Any CPU.ActiveCfg = Debug|Any CPU
		{49F3138B-2C0F-43F4-BBF1-5F6DDAC3B838}.Debug|Any CPU.Build.0 = Debug|Any CPU
		{49F3138B-2C0F-43F4-BBF1-5F6DDAC3B838}.Release|Any CPU.ActiveCfg = Release|Any CPU
		{49F3138B-2C0F-43F4-BBF1-5F6DDAC3B838}.Release|Any CPU.Build.0 = Release|Any CPU
		{2A7D4E28-DF90-4E6A-A789-10C67EE225CD}.Debug|Any CPU.ActiveCfg = Debug|Any CPU
		{2A7D4E28-DF90-4E6A-A789-10C67EE225CD}.Debug|Any CPU.Build.0 = Debug|Any CPU
		{2A7D4E28-DF90-4E6A-A789-10C67EE225CD}.Release|Any CPU.ActiveCfg = Release|Any CPU
		{2A7D4E28-DF90-4E6A-A789-10C67EE225CD}.Release|Any CPU.Build.0 = Release|Any CPU
		{9F527DC0-0D94-4173-BAB9-0889B97071A6}.Debug|Any CPU.ActiveCfg = Debug|Any CPU
		{9F527DC0-0D94-4173-BAB9-0889B97071A6}.Debug|Any CPU.Build.0 = Debug|Any CPU
		{9F527DC0-0D94-4173-BAB9-0889B97071A6}.Release|Any CPU.ActiveCfg = Release|Any CPU
		{9F527DC0-0D94-4173-BAB9-0889B97071A6}.Release|Any CPU.Build.0 = Release|Any CPU
		{B7CE08AA-8ED7-4393-8705-10121CF67570}.Debug|Any CPU.ActiveCfg = Debug|Any CPU
		{B7CE08AA-8ED7-4393-8705-10121CF67570}.Debug|Any CPU.Build.0 = Debug|Any CPU
		{B7CE08AA-8ED7-4393-8705-10121CF67570}.Release|Any CPU.ActiveCfg = Release|Any CPU
		{B7CE08AA-8ED7-4393-8705-10121CF67570}.Release|Any CPU.Build.0 = Release|Any CPU
		{9C058B7C-CD33-4689-8508-CECC9A8BEB9F}.Debug|Any CPU.ActiveCfg = Debug|Any CPU
		{9C058B7C-CD33-4689-8508-CECC9A8BEB9F}.Debug|Any CPU.Build.0 = Debug|Any CPU
		{9C058B7C-CD33-4689-8508-CECC9A8BEB9F}.Release|Any CPU.ActiveCfg = Release|Any CPU
		{9C058B7C-CD33-4689-8508-CECC9A8BEB9F}.Release|Any CPU.Build.0 = Release|Any CPU
		{5444FA11-0D3C-462E-BBD2-CE3F07766DCD}.Debug|Any CPU.ActiveCfg = Debug|Any CPU
		{5444FA11-0D3C-462E-BBD2-CE3F07766DCD}.Debug|Any CPU.Build.0 = Debug|Any CPU
		{5444FA11-0D3C-462E-BBD2-CE3F07766DCD}.Release|Any CPU.ActiveCfg = Release|Any CPU
		{5444FA11-0D3C-462E-BBD2-CE3F07766DCD}.Release|Any CPU.Build.0 = Release|Any CPU
		{8692ABD0-BABE-476D-8A40-1F5A950624BB}.Debug|Any CPU.ActiveCfg = Debug|Any CPU
		{8692ABD0-BABE-476D-8A40-1F5A950624BB}.Debug|Any CPU.Build.0 = Debug|Any CPU
		{8692ABD0-BABE-476D-8A40-1F5A950624BB}.Release|Any CPU.ActiveCfg = Release|Any CPU
		{8692ABD0-BABE-476D-8A40-1F5A950624BB}.Release|Any CPU.Build.0 = Release|Any CPU
	EndGlobalSection
	GlobalSection(SolutionProperties) = preSolution
		HideSolutionNode = FALSE
	EndGlobalSection
	GlobalSection(NestedProjects) = preSolution
		{49F3138B-2C0F-43F4-BBF1-5F6DDAC3B838} = {9F9CDB08-BADA-4501-B344-14D4990AA68E}
		{9F9CDB08-BADA-4501-B344-14D4990AA68E} = {43D82E4C-C82E-40E1-9310-E9DC235A2248}
		{2A7D4E28-DF90-4E6A-A789-10C67EE225CD} = {9F9CDB08-BADA-4501-B344-14D4990AA68E}
		{9F527DC0-0D94-4173-BAB9-0889B97071A6} = {9F9CDB08-BADA-4501-B344-14D4990AA68E}
		{B7CE08AA-8ED7-4393-8705-10121CF67570} = {05470741-6B4A-4FE1-89AB-A7B29EEC40A4}
		{9C058B7C-CD33-4689-8508-CECC9A8BEB9F} = {05470741-6B4A-4FE1-89AB-A7B29EEC40A4}
		{5444FA11-0D3C-462E-BBD2-CE3F07766DCD} = {60F752C2-B34F-4679-9D27-8E06C1DFD0E9}
		{05470741-6B4A-4FE1-89AB-A7B29EEC40A4} = {1126EC18-B3E2-4CC2-8F9D-5F29597074C6}
		{60F752C2-B34F-4679-9D27-8E06C1DFD0E9} = {A70EFC83-6A98-462F-94BC-FB0D3717BE02}
		{8692ABD0-BABE-476D-8A40-1F5A950624BB} = {60F752C2-B34F-4679-9D27-8E06C1DFD0E9}
	EndGlobalSection
	GlobalSection(ExtensibilityGlobals) = postSolution
		SolutionGuid = {58F8BAA1-41E6-4455-9EEA-DEFBFDEDAFE7}
	EndGlobalSection
EndGlobal
